
Microsoft Visual Studio Solution File, Format Version 12.00
# Visual Studio Version 17
VisualStudioVersion = 17.6.33829.357
MinimumVisualStudioVersion = 10.0.40219.1
Project("{FAE04EC0-301F-11D3-BF4B-00C04F79EFBC}") = "GeminiT", "GeminiT.csproj", "{80DE11AA-7D79-401A-B70C-036F385E3C2D}"
EndProject
Global
	GlobalSection(SolutionConfigurationPlatforms) = preSolution
		Debug|Any CPU = Debug|Any CPU
		Release|Any CPU = Release|Any CPU
	EndGlobalSection
	GlobalSection(ProjectConfigurationPlatforms) = postSolution
		{80DE11AA-7D79-401A-B70C-036F385E3C2D}.Debug|Any CPU.ActiveCfg = Debug|Any CPU
		{80DE11AA-7D79-401A-B70C-036F385E3C2D}.Debug|Any CPU.Build.0 = Debug|Any CPU
		{80DE11AA-7D79-401A-B70C-036F385E3C2D}.Release|Any CPU.ActiveCfg = Release|Any CPU
		{80DE11AA-7D79-401A-B70C-036F385E3C2D}.Release|Any CPU.Build.0 = Release|Any CPU
	EndGlobalSection
	GlobalSection(SolutionProperties) = preSolution
		HideSolutionNode = FALSE
	EndGlobalSection
	GlobalSection(ExtensibilityGlobals) = postSolution
		SolutionGuid = {E184ADA9-193E-4E85-A4EE-C7E59D649346}
	EndGlobalSection
EndGlobal
